
Microsoft Visual Studio Solution File, Format Version 12.00
# Visual Studio Version 17
VisualStudioVersion = 17.10.34928.147
MinimumVisualStudioVersion = 10.0.40219.1
Project("{FAE04EC0-301F-11D3-BF4B-00C04F79EFBC}") = "Maqueta_Backend_EctoTec", "Maqueta_Backend_EctoTec.csproj", "{06553BDD-E594-4C0C-85FA-578ADE6E18D8}"
EndProject
Global
	GlobalSection(SolutionConfigurationPlatforms) = preSolution
		Debug|Any CPU = Debug|Any CPU
		Release|Any CPU = Release|Any CPU
	EndGlobalSection
	GlobalSection(ProjectConfigurationPlatforms) = postSolution
		{06553BDD-E594-4C0C-85FA-578ADE6E18D8}.Debug|Any CPU.ActiveCfg = Debug|Any CPU
		{06553BDD-E594-4C0C-85FA-578ADE6E18D8}.Debug|Any CPU.Build.0 = Debug|Any CPU
		{06553BDD-E594-4C0C-85FA-578ADE6E18D8}.Release|Any CPU.ActiveCfg = Release|Any CPU
		{06553BDD-E594-4C0C-85FA-578ADE6E18D8}.Release|Any CPU.Build.0 = Release|Any CPU
	EndGlobalSection
	GlobalSection(SolutionProperties) = preSolution
		HideSolutionNode = FALSE
	EndGlobalSection
	GlobalSection(ExtensibilityGlobals) = postSolution
		SolutionGuid = {A2BD5AD6-DB48-4894-A454-F4EB3DC3E04A}
	EndGlobalSection
EndGlobal
